
Microsoft Visual Studio Solution File, Format Version 12.00
# Visual Studio Version 17
VisualStudioVersion = 17.0.31903.59
MinimumVisualStudioVersion = 10.0.40219.1
Project("{FAE04EC0-301F-11D3-BF4B-00C04F79EFBC}") = "Calculator", "Calculator.csproj", "{79515B5D-6775-43F5-9123-C24D823653EE}"
EndProject
Global
	GlobalSection(SolutionConfigurationPlatforms) = preSolution
		Debug|Any CPU = Debug|Any CPU
		Release|Any CPU = Release|Any CPU
	EndGlobalSection
	GlobalSection(ProjectConfigurationPlatforms) = postSolution
		{79515B5D-6775-43F5-9123-C24D823653EE}.Debug|Any CPU.ActiveCfg = Debug|Any CPU
		{79515B5D-6775-43F5-9123-C24D823653EE}.Debug|Any CPU.Build.0 = Debug|Any CPU
		{79515B5D-6775-43F5-9123-C24D823653EE}.Release|Any CPU.ActiveCfg = Release|Any CPU
		{79515B5D-6775-43F5-9123-C24D823653EE}.Release|Any CPU.Build.0 = Release|Any CPU
	EndGlobalSection
	GlobalSection(SolutionProperties) = preSolution
		HideSolutionNode = FALSE
	EndGlobalSection
	GlobalSection(ExtensibilityGlobals) = postSolution
		SolutionGuid = {E21AD236-76E7-4AE3-BD12-86C3EDF7E003}
	EndGlobalSection
EndGlobal
